
Microsoft Visual Studio Solution File, Format Version 12.00
# Visual Studio Version 16
VisualStudioVersion = 16.0.29905.134
MinimumVisualStudioVersion = 10.0.40219.1
Project("{FAE04EC0-301F-11D3-BF4B-00C04F79EFBC}") = "MaziarStudios.Portal.Web", "MaziarStudios.Portal.Web\MaziarStudios.Portal.Web.csproj", "{E5235D02-4E80-4989-B78F-A754F9CB80C3}"
EndProject
Global
	GlobalSection(SolutionConfigurationPlatforms) = preSolution
		Debug|Any CPU = Debug|Any CPU
		Release|Any CPU = Release|Any CPU
	EndGlobalSection
	GlobalSection(ProjectConfigurationPlatforms) = postSolution
		{E5235D02-4E80-4989-B78F-A754F9CB80C3}.Debug|Any CPU.ActiveCfg = Debug|Any CPU
		{E5235D02-4E80-4989-B78F-A754F9CB80C3}.Debug|Any CPU.Build.0 = Debug|Any CPU
		{E5235D02-4E80-4989-B78F-A754F9CB80C3}.Release|Any CPU.ActiveCfg = Release|Any CPU
		{E5235D02-4E80-4989-B78F-A754F9CB80C3}.Release|Any CPU.Build.0 = Release|Any CPU
	EndGlobalSection
	GlobalSection(SolutionProperties) = preSolution
		HideSolutionNode = FALSE
	EndGlobalSection
	GlobalSection(ExtensibilityGlobals) = postSolution
		SolutionGuid = {79EF3EA9-59F9-42C8-8778-77DE86A70E40}
	EndGlobalSection
EndGlobal
